# This file is autogenerated, do not edit; changes may be undone by the next 'dep ensure'.


[[projects]]
  digest = "1:b0180c7ea7bd79b5dfcd9ccd4f5a2367d265544310df472dec11670b642b47c1"
  name = "github.com/ansel1/merry"
  packages = ["."]
  pruneopts = "UT"
  revision = "b4b394b1516b322c3a9b8f598d37e7500cff0a45"
  version = "v1.1.0"

[[projects]]
  digest = "1:d2754cafcab0d22c13541618a8029a70a8959eb3525ff201fe971637e2274cd0"
  name = "github.com/google/go-cmp"
  packages = [
    "cmp",
    "cmp/cmpopts",
    "cmp/internal/diff",
    "cmp/internal/function",
    "cmp/internal/value",
  ]
  pruneopts = "UT"
  revision = "3af367b6b30c263d47e8895973edcca9a49cf029"
  version = "v0.2.0"

[solve-meta]
  analyzer-name = "dep"
  analyzer-version = 1
  input-imports = [
    "github.com/ansel1/merry",
    "github.com/google/go-cmp/cmp",
    "github.com/google/go-cmp/cmp/cmpopts",
  ]
  solver-name = "gps-cdcl"
  solver-version = 1
